
Microsoft Visual Studio Solution File, Format Version 12.00
# Visual Studio Version 16
VisualStudioVersion = 16.0.31624.102
MinimumVisualStudioVersion = 10.0.40219.1
Project("{FAE04EC0-301F-11D3-BF4B-00C04F79EFBC}") = "AssetManagement.Api", "AssetManagement.Api\AssetManagement.Api.csproj", "{05A30ABF-4313-4A56-9387-B546A14D3B09}"
EndProject
Global
	GlobalSection(SolutionConfigurationPlatforms) = preSolution
		Debug|Any CPU = Debug|Any CPU
		Release|Any CPU = Release|Any CPU
	EndGlobalSection
	GlobalSection(ProjectConfigurationPlatforms) = postSolution
		{05A30ABF-4313-4A56-9387-B546A14D3B09}.Debug|Any CPU.ActiveCfg = Debug|Any CPU
		{05A30ABF-4313-4A56-9387-B546A14D3B09}.Debug|Any CPU.Build.0 = Debug|Any CPU
		{05A30ABF-4313-4A56-9387-B546A14D3B09}.Release|Any CPU.ActiveCfg = Release|Any CPU
		{05A30ABF-4313-4A56-9387-B546A14D3B09}.Release|Any CPU.Build.0 = Release|Any CPU
	EndGlobalSection
	GlobalSection(SolutionProperties) = preSolution
		HideSolutionNode = FALSE
	EndGlobalSection
	GlobalSection(ExtensibilityGlobals) = postSolution
		SolutionGuid = {55E646AF-09C5-4917-B7A3-F2C48B743E7E}
	EndGlobalSection
EndGlobal
